
Microsoft Visual Studio Solution File, Format Version 12.00
# Visual Studio Version 17
VisualStudioVersion = 17.14.36202.13
MinimumVisualStudioVersion = 10.0.40219.1
Project("{FAE04EC0-301F-11D3-BF4B-00C04F79EFBC}") = "OptimizedTemp", "OptimizedTemp\OptimizedTemp.csproj", "{07E75960-90D0-4959-A63F-FC347BF1948D}"
EndProject
Global
	GlobalSection(SolutionConfigurationPlatforms) = preSolution
		Debug|Any CPU = Debug|Any CPU
		Release|Any CPU = Release|Any CPU
	EndGlobalSection
	GlobalSection(ProjectConfigurationPlatforms) = postSolution
		{07E75960-90D0-4959-A63F-FC347BF1948D}.Debug|Any CPU.ActiveCfg = Debug|Any CPU
		{07E75960-90D0-4959-A63F-FC347BF1948D}.Debug|Any CPU.Build.0 = Debug|Any CPU
		{07E75960-90D0-4959-A63F-FC347BF1948D}.Release|Any CPU.ActiveCfg = Release|Any CPU
		{07E75960-90D0-4959-A63F-FC347BF1948D}.Release|Any CPU.Build.0 = Release|Any CPU
	EndGlobalSection
	GlobalSection(SolutionProperties) = preSolution
		HideSolutionNode = FALSE
	EndGlobalSection
	GlobalSection(ExtensibilityGlobals) = postSolution
		SolutionGuid = {1DB2C1C4-362E-4D47-BCAE-AB2719CDF0AD}
	EndGlobalSection
EndGlobal
